
Microsoft Visual Studio Solution File, Format Version 12.00
# Visual Studio Version 16
VisualStudioVersion = 25.0.1706.4
MinimumVisualStudioVersion = 10.0.40219.1
Project("{FAE04EC0-301F-11D3-BF4B-00C04F79EFBC}") = "PPGModCompiler", "PPGModCompiler.csproj", "{98DCFA03-3235-43FE-9050-3C1C8E58A33C}"
EndProject
Global
	GlobalSection(SolutionConfigurationPlatforms) = preSolution
		Debug|Any CPU = Debug|Any CPU
		Release|Any CPU = Release|Any CPU
	EndGlobalSection
	GlobalSection(ProjectConfigurationPlatforms) = postSolution
		{98DCFA03-3235-43FE-9050-3C1C8E58A33C}.Debug|Any CPU.ActiveCfg = Debug|Any CPU
		{98DCFA03-3235-43FE-9050-3C1C8E58A33C}.Debug|Any CPU.Build.0 = Debug|Any CPU
		{98DCFA03-3235-43FE-9050-3C1C8E58A33C}.Release|Any CPU.ActiveCfg = Release|Any CPU
		{98DCFA03-3235-43FE-9050-3C1C8E58A33C}.Release|Any CPU.Build.0 = Release|Any CPU
	EndGlobalSection
	GlobalSection(SolutionProperties) = preSolution
		HideSolutionNode = FALSE
	EndGlobalSection
	GlobalSection(ExtensibilityGlobals) = postSolution
		SolutionGuid = {8D6E6F23-5990-463C-A848-23E2F08A22EF}
	EndGlobalSection
EndGlobal
